
Microsoft Visual Studio Solution File, Format Version 12.00
# Visual Studio Version 17
VisualStudioVersion = 17.3.32901.215
MinimumVisualStudioVersion = 10.0.40219.1
Project("{9A19103F-16F7-4668-BE54-9A1E7A4F7556}") = "CallAutomation.Contracts", "src\CallAutomation.Contracts.csproj", "{7A928171-70E0-4FFE-9863-63A353D44577}"
EndProject
Project("{FAE04EC0-301F-11D3-BF4B-00C04F79EFBC}") = "CallAutomation.Contracts.Tests", "tests\CallAutomation.Contracts.Tests\CallAutomation.Contracts.Tests.csproj", "{B83A6678-C947-4E84-953E-480EF350A3F1}"
EndProject
Global
	GlobalSection(SolutionConfigurationPlatforms) = preSolution
		Debug|Any CPU = Debug|Any CPU
		Release|Any CPU = Release|Any CPU
	EndGlobalSection
	GlobalSection(ProjectConfigurationPlatforms) = postSolution
		{7A928171-70E0-4FFE-9863-63A353D44577}.Debug|Any CPU.ActiveCfg = Debug|Any CPU
		{7A928171-70E0-4FFE-9863-63A353D44577}.Debug|Any CPU.Build.0 = Debug|Any CPU
		{7A928171-70E0-4FFE-9863-63A353D44577}.Release|Any CPU.ActiveCfg = Release|Any CPU
		{7A928171-70E0-4FFE-9863-63A353D44577}.Release|Any CPU.Build.0 = Release|Any CPU
		{B83A6678-C947-4E84-953E-480EF350A3F1}.Debug|Any CPU.ActiveCfg = Debug|Any CPU
		{B83A6678-C947-4E84-953E-480EF350A3F1}.Debug|Any CPU.Build.0 = Debug|Any CPU
		{B83A6678-C947-4E84-953E-480EF350A3F1}.Release|Any CPU.ActiveCfg = Release|Any CPU
		{B83A6678-C947-4E84-953E-480EF350A3F1}.Release|Any CPU.Build.0 = Release|Any CPU
	EndGlobalSection
	GlobalSection(SolutionProperties) = preSolution
		HideSolutionNode = FALSE
	EndGlobalSection
	GlobalSection(ExtensibilityGlobals) = postSolution
		SolutionGuid = {B9C50037-6902-4686-BC66-D95261D4254F}
	EndGlobalSection
EndGlobal
